// !$*UTF8*$!
{
	archiveVersion = 1;
	classes = {
	};
	objectVersion = 56;
	objects = {

/* Begin PBXBuildFile section */
		D830AC662C665BF200DA0C57 /* UI.swift in Sources */ = {isa = PBXBuildFile; fileRef = D830AC652C665BF200DA0C57 /* UI.swift */; };
		D830AC682C66652900DA0C57 /* ListViewModel.swift in Sources */ = {isa = PBXBuildFile; fileRef = D830AC672C66652900DA0C57 /* ListViewModel.swift */; };
		D830AC6B2C6667A100DA0C57 /* Kingfisher in Frameworks */ = {isa = PBXBuildFile; productRef = D830AC6A2C6667A100DA0C57 /* Kingfisher */; };
		D830AC6E2C67F8AF00DA0C57 /* TapBarController.swift in Sources */ = {isa = PBXBuildFile; fileRef = D830AC6D2C67F8AF00DA0C57 /* TapBarController.swift */; };
		D830AC702C67FAED00DA0C57 /* TapBar.swift in Sources */ = {isa = PBXBuildFile; fileRef = D830AC6F2C67FAED00DA0C57 /* TapBar.swift */; };
		D8BB4C282C661A430013A697 /* AppDelegate.swift in Sources */ = {isa = PBXBuildFile; fileRef = D8BB4C272C661A430013A697 /* AppDelegate.swift */; };
		D8BB4C2A2C661A430013A697 /* SceneDelegate.swift in Sources */ = {isa = PBXBuildFile; fileRef = D8BB4C292C661A430013A697 /* SceneDelegate.swift */; };
		D8BB4C2C2C661A430013A697 /* ViewController.swift in Sources */ = {isa = PBXBuildFile; fileRef = D8BB4C2B2C661A430013A697 /* ViewController.swift */; };
		D8BB4C2F2C661A430013A697 /* Base in Resources */ = {isa = PBXBuildFile; fileRef = D8BB4C2E2C661A430013A697 /* Base */; };
		D8BB4C312C661A450013A697 /* Assets.xcassets in Resources */ = {isa = PBXBuildFile; fileRef = D8BB4C302C661A450013A697 /* Assets.xcassets */; };
		D8BB4C342C661A450013A697 /* Base in Resources */ = {isa = PBXBuildFile; fileRef = D8BB4C332C661A450013A697 /* Base */; };
		D8BB4C3D2C661A690013A697 /* SearchViewController.swift in Sources */ = {isa = PBXBuildFile; fileRef = D8BB4C3C2C661A690013A697 /* SearchViewController.swift */; };
		D8BB4C3F2C661A7C0013A697 /* SearchViewModel.swift in Sources */ = {isa = PBXBuildFile; fileRef = D8BB4C3E2C661A7C0013A697 /* SearchViewModel.swift */; };
		D8BB4C412C661A810013A697 /* Search.swift in Sources */ = {isa = PBXBuildFile; fileRef = D8BB4C402C661A810013A697 /* Search.swift */; };
		D8BB4C432C661A950013A697 /* SearchTableViewCell.swift in Sources */ = {isa = PBXBuildFile; fileRef = D8BB4C422C661A950013A697 /* SearchTableViewCell.swift */; };
		D8BB4C492C661C8C0013A697 /* SnapKit in Frameworks */ = {isa = PBXBuildFile; productRef = D8BB4C482C661C8C0013A697 /* SnapKit */; };
		D8BB4C4C2C661C9B0013A697 /* RxCocoa in Frameworks */ = {isa = PBXBuildFile; productRef = D8BB4C4B2C661C9B0013A697 /* RxCocoa */; };
		D8BB4C4E2C661C9B0013A697 /* RxSwift in Frameworks */ = {isa = PBXBuildFile; productRef = D8BB4C4D2C661C9B0013A697 /* RxSwift */; };
		D8BB4C512C661E1B0013A697 /* TodayViewController.swift in Sources */ = {isa = PBXBuildFile; fileRef = D8BB4C502C661E1B0013A697 /* TodayViewController.swift */; };
		D8BB4C542C661E310013A697 /* GameViewController.swift in Sources */ = {isa = PBXBuildFile; fileRef = D8BB4C532C661E310013A697 /* GameViewController.swift */; };
		D8BB4C572C661E3C0013A697 /* APPViewController.swift in Sources */ = {isa = PBXBuildFile; fileRef = D8BB4C562C661E3C0013A697 /* APPViewController.swift */; };
		D8BB4C5A2C661E5A0013A697 /* ArcadeViewController.swift in Sources */ = {isa = PBXBuildFile; fileRef = D8BB4C592C661E5A0013A697 /* ArcadeViewController.swift */; };
		D8BB4C5D2C66550B0013A697 /* ListViewController.swift in Sources */ = {isa = PBXBuildFile; fileRef = D8BB4C5C2C66550B0013A697 /* ListViewController.swift */; };
		D8BB4C602C6658A90013A697 /* NetworkManager.swift in Sources */ = {isa = PBXBuildFile; fileRef = D8BB4C5F2C6658A90013A697 /* NetworkManager.swift */; };
		D8BB4C632C6659B40013A697 /* APP.swift in Sources */ = {isa = PBXBuildFile; fileRef = D8BB4C622C6659B40013A697 /* APP.swift */; };
		D8BB4C652C665B240013A697 /* ListTableViewCell.swift in Sources */ = {isa = PBXBuildFile; fileRef = D8BB4C642C665B240013A697 /* ListTableViewCell.swift */; };
/* End PBXBuildFile section */

/* Begin PBXFileReference section */
		D830AC652C665BF200DA0C57 /* UI.swift */ = {isa = PBXFileReference; lastKnownFileType = sourcecode.swift; path = UI.swift; sourceTree = "<group>"; };
		D830AC672C66652900DA0C57 /* ListViewModel.swift */ = {isa = PBXFileReference; lastKnownFileType = sourcecode.swift; path = ListViewModel.swift; sourceTree = "<group>"; };
		D830AC6D2C67F8AF00DA0C57 /* TapBarController.swift */ = {isa = PBXFileReference; lastKnownFileType = sourcecode.swift; path = TapBarController.swift; sourceTree = "<group>"; };
		D830AC6F2C67FAED00DA0C57 /* TapBar.swift */ = {isa = PBXFileReference; lastKnownFileType = sourcecode.swift; path = TapBar.swift; sourceTree = "<group>"; };
		D8BB4C242C661A430013A697 /* Appmini.app */ = {isa = PBXFileReference; explicitFileType = wrapper.application; includeInIndex = 0; path = Appmini.app; sourceTree = BUILT_PRODUCTS_DIR; };
		D8BB4C272C661A430013A697 /* AppDelegate.swift */ = {isa = PBXFileReference; lastKnownFileType = sourcecode.swift; path = AppDelegate.swift; sourceTree = "<group>"; };
		D8BB4C292C661A430013A697 /* SceneDelegate.swift */ = {isa = PBXFileReference; lastKnownFileType = sourcecode.swift; path = SceneDelegate.swift; sourceTree = "<group>"; };
		D8BB4C2B2C661A430013A697 /* ViewController.swift */ = {isa = PBXFileReference; lastKnownFileType = sourcecode.swift; path = ViewController.swift; sourceTree = "<group>"; };
		D8BB4C2E2C661A430013A697 /* Base */ = {isa = PBXFileReference; lastKnownFileType = file.storyboard; name = Base; path = Base.lproj/Main.storyboard; sourceTree = "<group>"; };
		D8BB4C302C661A450013A697 /* Assets.xcassets */ = {isa = PBXFileReference; lastKnownFileType = folder.assetcatalog; path = Assets.xcassets; sourceTree = "<group>"; };
		D8BB4C332C661A450013A697 /* Base */ = {isa = PBXFileReference; lastKnownFileType = file.storyboard; name = Base; path = Base.lproj/LaunchScreen.storyboard; sourceTree = "<group>"; };
		D8BB4C352C661A450013A697 /* Info.plist */ = {isa = PBXFileReference; lastKnownFileType = text.plist.xml; path = Info.plist; sourceTree = "<group>"; };
		D8BB4C3C2C661A690013A697 /* SearchViewController.swift */ = {isa = PBXFileReference; lastKnownFileType = sourcecode.swift; path = SearchViewController.swift; sourceTree = "<group>"; };
		D8BB4C3E2C661A7C0013A697 /* SearchViewModel.swift */ = {isa = PBXFileReference; lastKnownFileType = sourcecode.swift; path = SearchViewModel.swift; sourceTree = "<group>"; };
		D8BB4C402C661A810013A697 /* Search.swift */ = {isa = PBXFileReference; lastKnownFileType = sourcecode.swift; path = Search.swift; sourceTree = "<group>"; };
		D8BB4C422C661A950013A697 /* SearchTableViewCell.swift */ = {isa = PBXFileReference; lastKnownFileType = sourcecode.swift; path = SearchTableViewCell.swift; sourceTree = "<group>"; };
		D8BB4C502C661E1B0013A697 /* TodayViewController.swift */ = {isa = PBXFileReference; lastKnownFileType = sourcecode.swift; path = TodayViewController.swift; sourceTree = "<group>"; };
		D8BB4C532C661E310013A697 /* GameViewController.swift */ = {isa = PBXFileReference; lastKnownFileType = sourcecode.swift; path = GameViewController.swift; sourceTree = "<group>"; };
		D8BB4C562C661E3C0013A697 /* APPViewController.swift */ = {isa = PBXFileReference; lastKnownFileType = sourcecode.swift; path = APPViewController.swift; sourceTree = "<group>"; };
		D8BB4C592C661E5A0013A697 /* ArcadeViewController.swift */ = {isa = PBXFileReference; lastKnownFileType = sourcecode.swift; path = ArcadeViewController.swift; sourceTree = "<group>"; };
		D8BB4C5C2C66550B0013A697 /* ListViewController.swift */ = {isa = PBXFileReference; lastKnownFileType = sourcecode.swift; path = ListViewController.swift; sourceTree = "<group>"; };
		D8BB4C5F2C6658A90013A697 /* NetworkManager.swift */ = {isa = PBXFileReference; lastKnownFileType = sourcecode.swift; path = NetworkManager.swift; sourceTree = "<group>"; };
		D8BB4C622C6659B40013A697 /* APP.swift */ = {isa = PBXFileReference; lastKnownFileType = sourcecode.swift; path = APP.swift; sourceTree = "<group>"; };
		D8BB4C642C665B240013A697 /* ListTableViewCell.swift */ = {isa = PBXFileReference; lastKnownFileType = sourcecode.swift; path = ListTableViewCell.swift; sourceTree = "<group>"; };
/* End PBXFileReference section */

/* Begin PBXFrameworksBuildPhase section */
		D8BB4C212C661A430013A697 /* Frameworks */ = {
			isa = PBXFrameworksBuildPhase;
			buildActionMask = 2147483647;
			files = (
				D830AC6B2C6667A100DA0C57 /* Kingfisher in Frameworks */,
				D8BB4C4E2C661C9B0013A697 /* RxSwift in Frameworks */,
				D8BB4C4C2C661C9B0013A697 /* RxCocoa in Frameworks */,
				D8BB4C492C661C8C0013A697 /* SnapKit in Frameworks */,
			);
			runOnlyForDeploymentPostprocessing = 0;
		};
/* End PBXFrameworksBuildPhase section */

/* Begin PBXGroup section */
		D830AC6C2C67F88F00DA0C57 /* TapBar */ = {
			isa = PBXGroup;
			children = (
				D830AC6D2C67F8AF00DA0C57 /* TapBarController.swift */,
				D830AC6F2C67FAED00DA0C57 /* TapBar.swift */,
			);
			path = TapBar;
			sourceTree = "<group>";
		};
		D8BB4C1B2C661A430013A697 = {
			isa = PBXGroup;
			children = (
				D8BB4C262C661A430013A697 /* Appmini */,
				D8BB4C252C661A430013A697 /* Products */,
			);
			sourceTree = "<group>";
		};
		D8BB4C252C661A430013A697 /* Products */ = {
			isa = PBXGroup;
			children = (
				D8BB4C242C661A430013A697 /* Appmini.app */,
			);
			name = Products;
			sourceTree = "<group>";
		};
		D8BB4C262C661A430013A697 /* Appmini */ = {
			isa = PBXGroup;
			children = (
				D8BB4C5B2C6654FD0013A697 /* List */,
				D8BB4C582C661E400013A697 /* Arcade */,
				D8BB4C552C661E340013A697 /* APP */,
				D8BB4C522C661E1F0013A697 /* Game */,
				D8BB4C4F2C661E100013A697 /* Today */,
				D8BB4C3B2C661A600013A697 /* Search */,
				D8BB4C5E2C66588F0013A697 /* Network */,
				D8BB4C612C6659910013A697 /* Result */,
				D8BB4C662C665BA20013A697 /* UI */,
				D830AC6C2C67F88F00DA0C57 /* TapBar */,
				D8BB4C272C661A430013A697 /* AppDelegate.swift */,
				D8BB4C292C661A430013A697 /* SceneDelegate.swift */,
				D8BB4C2B2C661A430013A697 /* ViewController.swift */,
				D8BB4C2D2C661A430013A697 /* Main.storyboard */,
				D8BB4C302C661A450013A697 /* Assets.xcassets */,
				D8BB4C322C661A450013A697 /* LaunchScreen.storyboard */,
				D8BB4C352C661A450013A697 /* Info.plist */,
			);
			path = Appmini;
			sourceTree = "<group>";
		};
		D8BB4C3B2C661A600013A697 /* Search */ = {
			isa = PBXGroup;
			children = (
				D8BB4C3C2C661A690013A697 /* SearchViewController.swift */,
				D8BB4C422C661A950013A697 /* SearchTableViewCell.swift */,
				D8BB4C3E2C661A7C0013A697 /* SearchViewModel.swift */,
				D8BB4C402C661A810013A697 /* Search.swift */,
			);
			path = Search;
			sourceTree = "<group>";
		};
		D8BB4C4F2C661E100013A697 /* Today */ = {
			isa = PBXGroup;
			children = (
				D8BB4C502C661E1B0013A697 /* TodayViewController.swift */,
			);
			path = Today;
			sourceTree = "<group>";
		};
		D8BB4C522C661E1F0013A697 /* Game */ = {
			isa = PBXGroup;
			children = (
				D8BB4C532C661E310013A697 /* GameViewController.swift */,
			);
			path = Game;
			sourceTree = "<group>";
		};
		D8BB4C552C661E340013A697 /* APP */ = {
			isa = PBXGroup;
			children = (
				D8BB4C562C661E3C0013A697 /* APPViewController.swift */,
			);
			path = APP;
			sourceTree = "<group>";
		};
		D8BB4C582C661E400013A697 /* Arcade */ = {
			isa = PBXGroup;
			children = (
				D8BB4C592C661E5A0013A697 /* ArcadeViewController.swift */,
			);
			path = Arcade;
			sourceTree = "<group>";
		};
		D8BB4C5B2C6654FD0013A697 /* List */ = {
			isa = PBXGroup;
			children = (
				D8BB4C5C2C66550B0013A697 /* ListViewController.swift */,
				D8BB4C642C665B240013A697 /* ListTableViewCell.swift */,
				D830AC672C66652900DA0C57 /* ListViewModel.swift */,
			);
			path = List;
			sourceTree = "<group>";
		};
		D8BB4C5E2C66588F0013A697 /* Network */ = {
			isa = PBXGroup;
			children = (
				D8BB4C5F2C6658A90013A697 /* NetworkManager.swift */,
			);
			path = Network;
			sourceTree = "<group>";
		};
		D8BB4C612C6659910013A697 /* Result */ = {
			isa = PBXGroup;
			children = (
				D8BB4C622C6659B40013A697 /* APP.swift */,
			);
			path = Result;
			sourceTree = "<group>";
		};
		D8BB4C662C665BA20013A697 /* UI */ = {
			isa = PBXGroup;
			children = (
				D830AC652C665BF200DA0C57 /* UI.swift */,
			);
			path = UI;
			sourceTree = "<group>";
		};
/* End PBXGroup section */

/* Begin PBXNativeTarget section */
		D8BB4C232C661A430013A697 /* Appmini */ = {
			isa = PBXNativeTarget;
			buildConfigurationList = D8BB4C382C661A450013A697 /* Build configuration list for PBXNativeTarget "Appmini" */;
			buildPhases = (
				D8BB4C202C661A430013A697 /* Sources */,
				D8BB4C212C661A430013A697 /* Frameworks */,
				D8BB4C222C661A430013A697 /* Resources */,
			);
			buildRules = (
			);
			dependencies = (
			);
			name = Appmini;
			packageProductDependencies = (
				D8BB4C482C661C8C0013A697 /* SnapKit */,
				D8BB4C4B2C661C9B0013A697 /* RxCocoa */,
				D8BB4C4D2C661C9B0013A697 /* RxSwift */,
				D830AC6A2C6667A100DA0C57 /* Kingfisher */,
			);
			productName = Appmini;
			productReference = D8BB4C242C661A430013A697 /* Appmini.app */;
			productType = "com.apple.product-type.application";
		};
/* End PBXNativeTarget section */

/* Begin PBXProject section */
		D8BB4C1C2C661A430013A697 /* Project object */ = {
			isa = PBXProject;
			attributes = {
				BuildIndependentTargetsInParallel = 1;
				LastSwiftUpdateCheck = 1540;
				LastUpgradeCheck = 1540;
				TargetAttributes = {
					D8BB4C232C661A430013A697 = {
						CreatedOnToolsVersion = 15.4;
					};
				};
			};
			buildConfigurationList = D8BB4C1F2C661A430013A697 /* Build configuration list for PBXProject "Appmini" */;
			compatibilityVersion = "Xcode 14.0";
			developmentRegion = en;
			hasScannedForEncodings = 0;
			knownRegions = (
				en,
				Base,
			);
			mainGroup = D8BB4C1B2C661A430013A697;
			packageReferences = (
				D8BB4C472C661C8C0013A697 /* XCRemoteSwiftPackageReference "SnapKit" */,
				D8BB4C4A2C661C9B0013A697 /* XCRemoteSwiftPackageReference "RxSwift" */,
				D830AC692C6667A100DA0C57 /* XCRemoteSwiftPackageReference "Kingfisher" */,
			);
			productRefGroup = D8BB4C252C661A430013A697 /* Products */;
			projectDirPath = "";
			projectRoot = "";
			targets = (
				D8BB4C232C661A430013A697 /* Appmini */,
			);
		};
/* End PBXProject section */

/* Begin PBXResourcesBuildPhase section */
		D8BB4C222C661A430013A697 /* Resources */ = {
			isa = PBXResourcesBuildPhase;
			buildActionMask = 2147483647;
			files = (
				D8BB4C312C661A450013A697 /* Assets.xcassets in Resources */,
				D8BB4C342C661A450013A697 /* Base in Resources */,
				D8BB4C2F2C661A430013A697 /* Base in Resources */,
			);
			runOnlyForDeploymentPostprocessing = 0;
		};
/* End PBXResourcesBuildPhase section */

/* Begin PBXSourcesBuildPhase section */
		D8BB4C202C661A430013A697 /* Sources */ = {
			isa = PBXSourcesBuildPhase;
			buildActionMask = 2147483647;
			files = (
				D8BB4C542C661E310013A697 /* GameViewController.swift in Sources */,
				D830AC662C665BF200DA0C57 /* UI.swift in Sources */,
				D8BB4C652C665B240013A697 /* ListTableViewCell.swift in Sources */,
				D8BB4C2C2C661A430013A697 /* ViewController.swift in Sources */,
				D8BB4C3F2C661A7C0013A697 /* SearchViewModel.swift in Sources */,
				D8BB4C512C661E1B0013A697 /* TodayViewController.swift in Sources */,
				D8BB4C632C6659B40013A697 /* APP.swift in Sources */,
				D8BB4C282C661A430013A697 /* AppDelegate.swift in Sources */,
				D8BB4C412C661A810013A697 /* Search.swift in Sources */,
				D830AC702C67FAED00DA0C57 /* TapBar.swift in Sources */,
				D8BB4C572C661E3C0013A697 /* APPViewController.swift in Sources */,
				D8BB4C3D2C661A690013A697 /* SearchViewController.swift in Sources */,
				D8BB4C5A2C661E5A0013A697 /* ArcadeViewController.swift in Sources */,
				D8BB4C602C6658A90013A697 /* NetworkManager.swift in Sources */,
				D830AC6E2C67F8AF00DA0C57 /* TapBarController.swift in Sources */,
				D8BB4C2A2C661A430013A697 /* SceneDelegate.swift in Sources */,
				D8BB4C5D2C66550B0013A697 /* ListViewController.swift in Sources */,
				D8BB4C432C661A950013A697 /* SearchTableViewCell.swift in Sources */,
				D830AC682C66652900DA0C57 /* ListViewModel.swift in Sources */,
			);
			runOnlyForDeploymentPostprocessing = 0;
		};
/* End PBXSourcesBuildPhase section */

/* Begin PBXVariantGroup section */
		D8BB4C2D2C661A430013A697 /* Main.storyboard */ = {
			isa = PBXVariantGroup;
			children = (
				D8BB4C2E2C661A430013A697 /* Base */,
			);
			name = Main.storyboard;
			sourceTree = "<group>";
		};
		D8BB4C322C661A450013A697 /* LaunchScreen.storyboard */ = {
			isa = PBXVariantGroup;
			children = (
				D8BB4C332C661A450013A697 /* Base */,
			);
			name = LaunchScreen.storyboard;
			sourceTree = "<group>";
		};
/* End PBXVariantGroup section */

/* Begin XCBuildConfiguration section */
		D8BB4C362C661A450013A697 /* Debug */ = {
			isa = XCBuildConfiguration;
			buildSettings = {
				ALWAYS_SEARCH_USER_PATHS = NO;
				ASSETCATALOG_COMPILER_GENERATE_SWIFT_ASSET_SYMBOL_EXTENSIONS = YES;
				CLANG_ANALYZER_NONNULL = YES;
				CLANG_ANALYZER_NUMBER_OBJECT_CONVERSION = YES_AGGRESSIVE;
				CLANG_CXX_LANGUAGE_STANDARD = "gnu++20";
				CLANG_ENABLE_MODULES = YES;
				CLANG_ENABLE_OBJC_ARC = YES;
				CLANG_ENABLE_OBJC_WEAK = YES;
				CLANG_WARN_BLOCK_CAPTURE_AUTORELEASING = YES;
				CLANG_WARN_BOOL_CONVERSION = YES;
				CLANG_WARN_COMMA = YES;
				CLANG_WARN_CONSTANT_CONVERSION = YES;
				CLANG_WARN_DEPRECATED_OBJC_IMPLEMENTATIONS = YES;
				CLANG_WARN_DIRECT_OBJC_ISA_USAGE = YES_ERROR;
				CLANG_WARN_DOCUMENTATION_COMMENTS = YES;
				CLANG_WARN_EMPTY_BODY = YES;
				CLANG_WARN_ENUM_CONVERSION = YES;
				CLANG_WARN_INFINITE_RECURSION = YES;
				CLANG_WARN_INT_CONVERSION = YES;
				CLANG_WARN_NON_LITERAL_NULL_CONVERSION = YES;
				CLANG_WARN_OBJC_IMPLICIT_RETAIN_SELF = YES;
				CLANG_WARN_OBJC_LITERAL_CONVERSION = YES;
				CLANG_WARN_OBJC_ROOT_CLASS = YES_ERROR;
				CLANG_WARN_QUOTED_INCLUDE_IN_FRAMEWORK_HEADER = YES;
				CLANG_WARN_RANGE_LOOP_ANALYSIS = YES;
				CLANG_WARN_STRICT_PROTOTYPES = YES;
				CLANG_WARN_SUSPICIOUS_MOVE = YES;
				CLANG_WARN_UNGUARDED_AVAILABILITY = YES_AGGRESSIVE;
				CLANG_WARN_UNREACHABLE_CODE = YES;
				CLANG_WARN__DUPLICATE_METHOD_MATCH = YES;
				COPY_PHASE_STRIP = NO;
				DEBUG_INFORMATION_FORMAT = dwarf;
				ENABLE_STRICT_OBJC_MSGSEND = YES;
				ENABLE_TESTABILITY = YES;
				ENABLE_USER_SCRIPT_SANDBOXING = YES;
				GCC_C_LANGUAGE_STANDARD = gnu17;
				GCC_DYNAMIC_NO_PIC = NO;
				GCC_NO_COMMON_BLOCKS = YES;
				GCC_OPTIMIZATION_LEVEL = 0;
				GCC_PREPROCESSOR_DEFINITIONS = (
					"DEBUG=1",
					"$(inherited)",
				);
				GCC_WARN_64_TO_32_BIT_CONVERSION = YES;
				GCC_WARN_ABOUT_RETURN_TYPE = YES_ERROR;
				GCC_WARN_UNDECLARED_SELECTOR = YES;
				GCC_WARN_UNINITIALIZED_AUTOS = YES_AGGRESSIVE;
				GCC_WARN_UNUSED_FUNCTION = YES;
				GCC_WARN_UNUSED_VARIABLE = YES;
				IPHONEOS_DEPLOYMENT_TARGET = 17.5;
				LOCALIZATION_PREFERS_STRING_CATALOGS = YES;
				MTL_ENABLE_DEBUG_INFO = INCLUDE_SOURCE;
				MTL_FAST_MATH = YES;
				ONLY_ACTIVE_ARCH = YES;
				SDKROOT = iphoneos;
				SWIFT_ACTIVE_COMPILATION_CONDITIONS = "DEBUG $(inherited)";
				SWIFT_OPTIMIZATION_LEVEL = "-Onone";
			};
			name = Debug;
		};
		D8BB4C372C661A450013A697 /* Release */ = {
			isa = XCBuildConfiguration;
			buildSettings = {
				ALWAYS_SEARCH_USER_PATHS = NO;
				ASSETCATALOG_COMPILER_GENERATE_SWIFT_ASSET_SYMBOL_EXTENSIONS = YES;
				CLANG_ANALYZER_NONNULL = YES;
				CLANG_ANALYZER_NUMBER_OBJECT_CONVERSION = YES_AGGRESSIVE;
				CLANG_CXX_LANGUAGE_STANDARD = "gnu++20";
				CLANG_ENABLE_MODULES = YES;
				CLANG_ENABLE_OBJC_ARC = YES;
				CLANG_ENABLE_OBJC_WEAK = YES;
				CLANG_WARN_BLOCK_CAPTURE_AUTORELEASING = YES;
				CLANG_WARN_BOOL_CONVERSION = YES;
				CLANG_WARN_COMMA = YES;
				CLANG_WARN_CONSTANT_CONVERSION = YES;
				CLANG_WARN_DEPRECATED_OBJC_IMPLEMENTATIONS = YES;
				CLANG_WARN_DIRECT_OBJC_ISA_USAGE = YES_ERROR;
				CLANG_WARN_DOCUMENTATION_COMMENTS = YES;
				CLANG_WARN_EMPTY_BODY = YES;
				CLANG_WARN_ENUM_CONVERSION = YES;
				CLANG_WARN_INFINITE_RECURSION = YES;
				CLANG_WARN_INT_CONVERSION = YES;
				CLANG_WARN_NON_LITERAL_NULL_CONVERSION = YES;
				CLANG_WARN_OBJC_IMPLICIT_RETAIN_SELF = YES;
				CLANG_WARN_OBJC_LITERAL_CONVERSION = YES;
				CLANG_WARN_OBJC_ROOT_CLASS = YES_ERROR;
				CLANG_WARN_QUOTED_INCLUDE_IN_FRAMEWORK_HEADER = YES;
				CLANG_WARN_RANGE_LOOP_ANALYSIS = YES;
				CLANG_WARN_STRICT_PROTOTYPES = YES;
				CLANG_WARN_SUSPICIOUS_MOVE = YES;
				CLANG_WARN_UNGUARDED_AVAILABILITY = YES_AGGRESSIVE;
				CLANG_WARN_UNREACHABLE_CODE = YES;
				CLANG_WARN__DUPLICATE_METHOD_MATCH = YES;
				COPY_PHASE_STRIP = NO;
				DEBUG_INFORMATION_FORMAT = "dwarf-with-dsym";
				ENABLE_NS_ASSERTIONS = NO;
				ENABLE_STRICT_OBJC_MSGSEND = YES;
				ENABLE_USER_SCRIPT_SANDBOXING = YES;
				GCC_C_LANGUAGE_STANDARD = gnu17;
				GCC_NO_COMMON_BLOCKS = YES;
				GCC_WARN_64_TO_32_BIT_CONVERSION = YES;
				GCC_WARN_ABOUT_RETURN_TYPE = YES_ERROR;
				GCC_WARN_UNDECLARED_SELECTOR = YES;
				GCC_WARN_UNINITIALIZED_AUTOS = YES_AGGRESSIVE;
				GCC_WARN_UNUSED_FUNCTION = YES;
				GCC_WARN_UNUSED_VARIABLE = YES;
				IPHONEOS_DEPLOYMENT_TARGET = 17.5;
				LOCALIZATION_PREFERS_STRING_CATALOGS = YES;
				MTL_ENABLE_DEBUG_INFO = NO;
				MTL_FAST_MATH = YES;
				SDKROOT = iphoneos;
				SWIFT_COMPILATION_MODE = wholemodule;
				VALIDATE_PRODUCT = YES;
			};
			name = Release;
		};
		D8BB4C392C661A450013A697 /* Debug */ = {
			isa = XCBuildConfiguration;
			buildSettings = {
				ASSETCATALOG_COMPILER_APPICON_NAME = AppIcon;
				ASSETCATALOG_COMPILER_GLOBAL_ACCENT_COLOR_NAME = AccentColor;
				CODE_SIGN_STYLE = Automatic;
				CURRENT_PROJECT_VERSION = 1;
				GENERATE_INFOPLIST_FILE = YES;
				INFOPLIST_FILE = Appmini/Info.plist;
				INFOPLIST_KEY_UIApplicationSupportsIndirectInputEvents = YES;
				INFOPLIST_KEY_UILaunchStoryboardName = LaunchScreen;
				INFOPLIST_KEY_UIMainStoryboardFile = Main;
				INFOPLIST_KEY_UISupportedInterfaceOrientations = UIInterfaceOrientationPortrait;
				INFOPLIST_KEY_UISupportedInterfaceOrientations_iPad = "UIInterfaceOrientationLandscapeLeft UIInterfaceOrientationLandscapeRight UIInterfaceOrientationPortrait UIInterfaceOrientationPortraitUpsideDown";
				IPHONEOS_DEPLOYMENT_TARGET = 16.0;
				LD_RUNPATH_SEARCH_PATHS = (
					"$(inherited)",
					"@executable_path/Frameworks",
				);
				MARKETING_VERSION = 1.0;
				PRODUCT_BUNDLE_IDENTIFIER = com.sesac.Appmini;
				PRODUCT_NAME = "$(TARGET_NAME)";
				SUPPORTED_PLATFORMS = "iphoneos iphonesimulator";
				SUPPORTS_MACCATALYST = NO;
				SUPPORTS_MAC_DESIGNED_FOR_IPHONE_IPAD = NO;
				SUPPORTS_XR_DESIGNED_FOR_IPHONE_IPAD = NO;
				SWIFT_EMIT_LOC_STRINGS = YES;
				SWIFT_VERSION = 5.0;
				TARGETED_DEVICE_FAMILY = 1;
			};
			name = Debug;
		};
		D8BB4C3A2C661A450013A697 /* Release */ = {
			isa = XCBuildConfiguration;
			buildSettings = {
				ASSETCATALOG_COMPILER_APPICON_NAME = AppIcon;
				ASSETCATALOG_COMPILER_GLOBAL_ACCENT_COLOR_NAME = AccentColor;
				CODE_SIGN_STYLE = Automatic;
				CURRENT_PROJECT_VERSION = 1;
				GENERATE_INFOPLIST_FILE = YES;
				INFOPLIST_FILE = Appmini/Info.plist;
				INFOPLIST_KEY_UIApplicationSupportsIndirectInputEvents = YES;
				INFOPLIST_KEY_UILaunchStoryboardName = LaunchScreen;
				INFOPLIST_KEY_UIMainStoryboardFile = Main;
				INFOPLIST_KEY_UISupportedInterfaceOrientations = UIInterfaceOrientationPortrait;
				INFOPLIST_KEY_UISupportedInterfaceOrientations_iPad = "UIInterfaceOrientationLandscapeLeft UIInterfaceOrientationLandscapeRight UIInterfaceOrientationPortrait UIInterfaceOrientationPortraitUpsideDown";
				IPHONEOS_DEPLOYMENT_TARGET = 16.0;
				LD_RUNPATH_SEARCH_PATHS = (
					"$(inherited)",
					"@executable_path/Frameworks",
				);
				MARKETING_VERSION = 1.0;
				PRODUCT_BUNDLE_IDENTIFIER = com.sesac.Appmini;
				PRODUCT_NAME = "$(TARGET_NAME)";
				SUPPORTED_PLATFORMS = "iphoneos iphonesimulator";
				SUPPORTS_MACCATALYST = NO;
				SUPPORTS_MAC_DESIGNED_FOR_IPHONE_IPAD = NO;
				SUPPORTS_XR_DESIGNED_FOR_IPHONE_IPAD = NO;
				SWIFT_EMIT_LOC_STRINGS = YES;
				SWIFT_VERSION = 5.0;
				TARGETED_DEVICE_FAMILY = 1;
			};
			name = Release;
		};
/* End XCBuildConfiguration section */

/* Begin XCConfigurationList section */
		D8BB4C1F2C661A430013A697 /* Build configuration list for PBXProject "Appmini" */ = {
			isa = XCConfigurationList;
			buildConfigurations = (
				D8BB4C362C661A450013A697 /* Debug */,
				D8BB4C372C661A450013A697 /* Release */,
			);
			defaultConfigurationIsVisible = 0;
			defaultConfigurationName = Release;
		};
		D8BB4C382C661A450013A697 /* Build configuration list for PBXNativeTarget "Appmini" */ = {
			isa = XCConfigurationList;
			buildConfigurations = (
				D8BB4C392C661A450013A697 /* Debug */,
				D8BB4C3A2C661A450013A697 /* Release */,
			);
			defaultConfigurationIsVisible = 0;
			defaultConfigurationName = Release;
		};
/* End XCConfigurationList section */

/* Begin XCRemoteSwiftPackageReference section */
		D830AC692C6667A100DA0C57 /* XCRemoteSwiftPackageReference "Kingfisher" */ = {
			isa = XCRemoteSwiftPackageReference;
			repositoryURL = "https://github.com/onevcat/Kingfisher.git";
			requirement = {
				kind = upToNextMajorVersion;
				minimumVersion = 7.12.0;
			};
		};
		D8BB4C472C661C8C0013A697 /* XCRemoteSwiftPackageReference "SnapKit" */ = {
			isa = XCRemoteSwiftPackageReference;
			repositoryURL = "https://github.com/SnapKit/SnapKit.git";
			requirement = {
				kind = upToNextMajorVersion;
				minimumVersion = 5.7.1;
			};
		};
		D8BB4C4A2C661C9B0013A697 /* XCRemoteSwiftPackageReference "RxSwift" */ = {
			isa = XCRemoteSwiftPackageReference;
			repositoryURL = "https://github.com/ReactiveX/RxSwift.git";
			requirement = {
				kind = upToNextMajorVersion;
				minimumVersion = 6.7.1;
			};
		};
/* End XCRemoteSwiftPackageReference section */

/* Begin XCSwiftPackageProductDependency section */
		D830AC6A2C6667A100DA0C57 /* Kingfisher */ = {
			isa = XCSwiftPackageProductDependency;
			package = D830AC692C6667A100DA0C57 /* XCRemoteSwiftPackageReference "Kingfisher" */;
			productName = Kingfisher;
		};
		D8BB4C482C661C8C0013A697 /* SnapKit */ = {
			isa = XCSwiftPackageProductDependency;
			package = D8BB4C472C661C8C0013A697 /* XCRemoteSwiftPackageReference "SnapKit" */;
			productName = SnapKit;
		};
		D8BB4C4B2C661C9B0013A697 /* RxCocoa */ = {
			isa = XCSwiftPackageProductDependency;
			package = D8BB4C4A2C661C9B0013A697 /* XCRemoteSwiftPackageReference "RxSwift" */;
			productName = RxCocoa;
		};
		D8BB4C4D2C661C9B0013A697 /* RxSwift */ = {
			isa = XCSwiftPackageProductDependency;
			package = D8BB4C4A2C661C9B0013A697 /* XCRemoteSwiftPackageReference "RxSwift" */;
			productName = RxSwift;
		};
/* End XCSwiftPackageProductDependency section */
	};
	rootObject = D8BB4C1C2C661A430013A697 /* Project object */;
}
